
Microsoft Visual Studio Solution File, Format Version 12.00
# Visual Studio 15
VisualStudioVersion = 15.0.28010.2003
MinimumVisualStudioVersion = 10.0.40219.1
Project("{2150E333-8FDC-42A3-9474-1A3956D46DE8}") = "Solution Items", "Solution Items", "{37432321-FB03-4920-B3C2-BC50060F62DF}"
	ProjectSection(SolutionItems) = preProject
		.gitignore = .gitignore
		Build.ps1 = Build.ps1
		Package.ps1 = Package.ps1
		ReadMe.md = ReadMe.md
	EndProjectSection
EndProject
Project("{FAE04EC0-301F-11D3-BF4B-00C04F79EFBC}") = "Datacom.Common", "src\Datacom.Common\Datacom.Common.csproj", "{FE411881-D225-49A3-97B9-B7152D72343F}"
EndProject
Project("{FAE04EC0-301F-11D3-BF4B-00C04F79EFBC}") = "Datacom.Common.Collections", "src\Datacom.Common.Collections\Datacom.Common.Collections.csproj", "{D236ED84-701D-4109-9A7B-3FC5FAA79CEE}"
EndProject
Project("{FAE04EC0-301F-11D3-BF4B-00C04F79EFBC}") = "Datacom.Common.Mvc", "src\Datacom.Common.Mvc\Datacom.Common.Mvc.csproj", "{BDEE100E-19DB-4F89-B89C-9A1E403E6A44}"
EndProject
Project("{FAE04EC0-301F-11D3-BF4B-00C04F79EFBC}") = "Datacom.Common.SignalR", "src\Datacom.Common.SignalR\Datacom.Common.SignalR.csproj", "{AB42098F-4616-4A8E-9DD9-7912AE5B1C85}"
EndProject
Project("{FAE04EC0-301F-11D3-BF4B-00C04F79EFBC}") = "Datacom.Common.WebApi", "src\Datacom.Common.WebApi\Datacom.Common.WebApi.csproj", "{F0AAC44B-AC09-4212-A0CF-6C7AB4C053D9}"
EndProject
Project("{FAE04EC0-301F-11D3-BF4B-00C04F79EFBC}") = "Datacom.Common.Diagnostics.WebApi", "src\Datacom.Common.Diagnostics.WebApi\Datacom.Common.Diagnostics.WebApi.csproj", "{7AD719ED-9859-4411-BB45-42BFFA077F72}"
EndProject
Project("{FAE04EC0-301F-11D3-BF4B-00C04F79EFBC}") = "Datacom.Common.Diagnostics", "src\Datacom.Common.Diagnostics\Datacom.Common.Diagnostics.csproj", "{A1C2D38A-91F7-4066-B06C-45DBDE144778}"
EndProject
Project("{2150E333-8FDC-42A3-9474-1A3956D46DE8}") = "src", "src", "{9CB9EF5F-96CF-4721-AEB0-D9A3CA27A0FA}"
EndProject
Project("{2150E333-8FDC-42A3-9474-1A3956D46DE8}") = "dotnetCore", "dotnetCore", "{D18E9F8F-2CB9-4D0A-A83B-3B8E1B37A021}"
EndProject
Project("{9A19103F-16F7-4668-BE54-9A1E7A4F7556}") = "Datacom.CommonCore.Diagnostics", "src\dotnetCore\Datacom.CommonCore.Diagnostics\Datacom.CommonCore.Diagnostics.csproj", "{8E7650CF-BCA6-4A3E-9C1C-AECF86122B7C}"
EndProject
Project("{2150E333-8FDC-42A3-9474-1A3956D46DE8}") = "dotnetFramework", "dotnetFramework", "{DDD4A5B1-BD09-402F-8B41-EA327A68B43C}"
EndProject
Project("{9A19103F-16F7-4668-BE54-9A1E7A4F7556}") = "Datacom.CommonCore", "src\dotnetCore\Datacom.CommonCore\Datacom.CommonCore.csproj", "{A726C7B8-D55D-42D5-9381-778DCE68A190}"
EndProject
Project("{9A19103F-16F7-4668-BE54-9A1E7A4F7556}") = "Datacom.CommonCore.Collections", "src\dotnetCore\Datacom.CommonCore.Collections\Datacom.CommonCore.Collections.csproj", "{1D35A5FA-C5CB-4EB0-88E7-4F04F22B179A}"
EndProject
Global
	GlobalSection(SolutionConfigurationPlatforms) = preSolution
		Debug|Any CPU = Debug|Any CPU
		Release|Any CPU = Release|Any CPU
	EndGlobalSection
	GlobalSection(ProjectConfigurationPlatforms) = postSolution
		{FE411881-D225-49A3-97B9-B7152D72343F}.Debug|Any CPU.ActiveCfg = Debug|Any CPU
		{FE411881-D225-49A3-97B9-B7152D72343F}.Debug|Any CPU.Build.0 = Debug|Any CPU
		{FE411881-D225-49A3-97B9-B7152D72343F}.Release|Any CPU.ActiveCfg = Release|Any CPU
		{FE411881-D225-49A3-97B9-B7152D72343F}.Release|Any CPU.Build.0 = Release|Any CPU
		{D236ED84-701D-4109-9A7B-3FC5FAA79CEE}.Debug|Any CPU.ActiveCfg = Debug|Any CPU
		{D236ED84-701D-4109-9A7B-3FC5FAA79CEE}.Debug|Any CPU.Build.0 = Debug|Any CPU
		{D236ED84-701D-4109-9A7B-3FC5FAA79CEE}.Release|Any CPU.ActiveCfg = Release|Any CPU
		{D236ED84-701D-4109-9A7B-3FC5FAA79CEE}.Release|Any CPU.Build.0 = Release|Any CPU
		{BDEE100E-19DB-4F89-B89C-9A1E403E6A44}.Debug|Any CPU.ActiveCfg = Debug|Any CPU
		{BDEE100E-19DB-4F89-B89C-9A1E403E6A44}.Debug|Any CPU.Build.0 = Debug|Any CPU
		{BDEE100E-19DB-4F89-B89C-9A1E403E6A44}.Release|Any CPU.ActiveCfg = Release|Any CPU
		{BDEE100E-19DB-4F89-B89C-9A1E403E6A44}.Release|Any CPU.Build.0 = Release|Any CPU
		{AB42098F-4616-4A8E-9DD9-7912AE5B1C85}.Debug|Any CPU.ActiveCfg = Debug|Any CPU
		{AB42098F-4616-4A8E-9DD9-7912AE5B1C85}.Debug|Any CPU.Build.0 = Debug|Any CPU
		{AB42098F-4616-4A8E-9DD9-7912AE5B1C85}.Release|Any CPU.ActiveCfg = Release|Any CPU
		{AB42098F-4616-4A8E-9DD9-7912AE5B1C85}.Release|Any CPU.Build.0 = Release|Any CPU
		{F0AAC44B-AC09-4212-A0CF-6C7AB4C053D9}.Debug|Any CPU.ActiveCfg = Debug|Any CPU
		{F0AAC44B-AC09-4212-A0CF-6C7AB4C053D9}.Debug|Any CPU.Build.0 = Debug|Any CPU
		{F0AAC44B-AC09-4212-A0CF-6C7AB4C053D9}.Release|Any CPU.ActiveCfg = Release|Any CPU
		{F0AAC44B-AC09-4212-A0CF-6C7AB4C053D9}.Release|Any CPU.Build.0 = Release|Any CPU
		{7AD719ED-9859-4411-BB45-42BFFA077F72}.Debug|Any CPU.ActiveCfg = Debug|Any CPU
		{7AD719ED-9859-4411-BB45-42BFFA077F72}.Debug|Any CPU.Build.0 = Debug|Any CPU
		{7AD719ED-9859-4411-BB45-42BFFA077F72}.Release|Any CPU.ActiveCfg = Release|Any CPU
		{7AD719ED-9859-4411-BB45-42BFFA077F72}.Release|Any CPU.Build.0 = Release|Any CPU
		{A1C2D38A-91F7-4066-B06C-45DBDE144778}.Debug|Any CPU.ActiveCfg = Debug|Any CPU
		{A1C2D38A-91F7-4066-B06C-45DBDE144778}.Debug|Any CPU.Build.0 = Debug|Any CPU
		{A1C2D38A-91F7-4066-B06C-45DBDE144778}.Release|Any CPU.ActiveCfg = Release|Any CPU
		{A1C2D38A-91F7-4066-B06C-45DBDE144778}.Release|Any CPU.Build.0 = Release|Any CPU
		{8E7650CF-BCA6-4A3E-9C1C-AECF86122B7C}.Debug|Any CPU.ActiveCfg = Debug|Any CPU
		{8E7650CF-BCA6-4A3E-9C1C-AECF86122B7C}.Debug|Any CPU.Build.0 = Debug|Any CPU
		{8E7650CF-BCA6-4A3E-9C1C-AECF86122B7C}.Release|Any CPU.ActiveCfg = Release|Any CPU
		{8E7650CF-BCA6-4A3E-9C1C-AECF86122B7C}.Release|Any CPU.Build.0 = Release|Any CPU
		{A726C7B8-D55D-42D5-9381-778DCE68A190}.Debug|Any CPU.ActiveCfg = Debug|Any CPU
		{A726C7B8-D55D-42D5-9381-778DCE68A190}.Debug|Any CPU.Build.0 = Debug|Any CPU
		{A726C7B8-D55D-42D5-9381-778DCE68A190}.Release|Any CPU.ActiveCfg = Release|Any CPU
		{A726C7B8-D55D-42D5-9381-778DCE68A190}.Release|Any CPU.Build.0 = Release|Any CPU
		{1D35A5FA-C5CB-4EB0-88E7-4F04F22B179A}.Debug|Any CPU.ActiveCfg = Debug|Any CPU
		{1D35A5FA-C5CB-4EB0-88E7-4F04F22B179A}.Debug|Any CPU.Build.0 = Debug|Any CPU
		{1D35A5FA-C5CB-4EB0-88E7-4F04F22B179A}.Release|Any CPU.ActiveCfg = Release|Any CPU
		{1D35A5FA-C5CB-4EB0-88E7-4F04F22B179A}.Release|Any CPU.Build.0 = Release|Any CPU
	EndGlobalSection
	GlobalSection(SolutionProperties) = preSolution
		HideSolutionNode = FALSE
	EndGlobalSection
	GlobalSection(NestedProjects) = preSolution
		{FE411881-D225-49A3-97B9-B7152D72343F} = {DDD4A5B1-BD09-402F-8B41-EA327A68B43C}
		{D236ED84-701D-4109-9A7B-3FC5FAA79CEE} = {DDD4A5B1-BD09-402F-8B41-EA327A68B43C}
		{BDEE100E-19DB-4F89-B89C-9A1E403E6A44} = {DDD4A5B1-BD09-402F-8B41-EA327A68B43C}
		{AB42098F-4616-4A8E-9DD9-7912AE5B1C85} = {DDD4A5B1-BD09-402F-8B41-EA327A68B43C}
		{F0AAC44B-AC09-4212-A0CF-6C7AB4C053D9} = {DDD4A5B1-BD09-402F-8B41-EA327A68B43C}
		{7AD719ED-9859-4411-BB45-42BFFA077F72} = {DDD4A5B1-BD09-402F-8B41-EA327A68B43C}
		{A1C2D38A-91F7-4066-B06C-45DBDE144778} = {DDD4A5B1-BD09-402F-8B41-EA327A68B43C}
		{D18E9F8F-2CB9-4D0A-A83B-3B8E1B37A021} = {9CB9EF5F-96CF-4721-AEB0-D9A3CA27A0FA}
		{8E7650CF-BCA6-4A3E-9C1C-AECF86122B7C} = {D18E9F8F-2CB9-4D0A-A83B-3B8E1B37A021}
		{DDD4A5B1-BD09-402F-8B41-EA327A68B43C} = {9CB9EF5F-96CF-4721-AEB0-D9A3CA27A0FA}
		{A726C7B8-D55D-42D5-9381-778DCE68A190} = {D18E9F8F-2CB9-4D0A-A83B-3B8E1B37A021}
		{1D35A5FA-C5CB-4EB0-88E7-4F04F22B179A} = {D18E9F8F-2CB9-4D0A-A83B-3B8E1B37A021}
	EndGlobalSection
	GlobalSection(ExtensibilityGlobals) = postSolution
		SolutionGuid = {2C89C895-C3D8-4A69-B25A-FC75F0C6B55B}
	EndGlobalSection
EndGlobal
